
Microsoft Visual Studio Solution File, Format Version 12.00
# Visual Studio Version 17
VisualStudioVersion = 17.14.36401.2 d17.14
MinimumVisualStudioVersion = 10.0.40219.1
Project("{FAE04EC0-301F-11D3-BF4B-00C04F79EFBC}") = "OcultDay", "OcultDay\OcultDay.csproj", "{597252EA-F4F8-4BE6-969A-0EEBB8B10D5B}"
EndProject
Global
	GlobalSection(SolutionConfigurationPlatforms) = preSolution
		Debug|Any CPU = Debug|Any CPU
		Release|Any CPU = Release|Any CPU
	EndGlobalSection
	GlobalSection(ProjectConfigurationPlatforms) = postSolution
		{597252EA-F4F8-4BE6-969A-0EEBB8B10D5B}.Debug|Any CPU.ActiveCfg = Debug|Any CPU
		{597252EA-F4F8-4BE6-969A-0EEBB8B10D5B}.Debug|Any CPU.Build.0 = Debug|Any CPU
		{597252EA-F4F8-4BE6-969A-0EEBB8B10D5B}.Release|Any CPU.ActiveCfg = Release|Any CPU
		{597252EA-F4F8-4BE6-969A-0EEBB8B10D5B}.Release|Any CPU.Build.0 = Release|Any CPU
	EndGlobalSection
	GlobalSection(SolutionProperties) = preSolution
		HideSolutionNode = FALSE
	EndGlobalSection
	GlobalSection(ExtensibilityGlobals) = postSolution
		SolutionGuid = {BEC458E9-B47A-498F-B47F-F65E9B9B32F9}
	EndGlobalSection
EndGlobal
